
Microsoft Visual Studio Solution File, Format Version 12.00
# Visual Studio 15
VisualStudioVersion = 15.0.26730.3
MinimumVisualStudioVersion = 10.0.40219.1
Project("{9A19103F-16F7-4668-BE54-9A1E7A4F7556}") = "Found.MVC", "Found.MVC\Found.MVC.csproj", "{B64B9C04-0A97-47EB-8A60-EF8302FEC9C8}"
EndProject
Global
	GlobalSection(SolutionConfigurationPlatforms) = preSolution
		Debug|Any CPU = Debug|Any CPU
		Release|Any CPU = Release|Any CPU
	EndGlobalSection
	GlobalSection(ProjectConfigurationPlatforms) = postSolution
		{B64B9C04-0A97-47EB-8A60-EF8302FEC9C8}.Debug|Any CPU.ActiveCfg = Debug|Any CPU
		{B64B9C04-0A97-47EB-8A60-EF8302FEC9C8}.Debug|Any CPU.Build.0 = Debug|Any CPU
		{B64B9C04-0A97-47EB-8A60-EF8302FEC9C8}.Release|Any CPU.ActiveCfg = Release|Any CPU
		{B64B9C04-0A97-47EB-8A60-EF8302FEC9C8}.Release|Any CPU.Build.0 = Release|Any CPU
	EndGlobalSection
	GlobalSection(SolutionProperties) = preSolution
		HideSolutionNode = FALSE
	EndGlobalSection
	GlobalSection(ExtensibilityGlobals) = postSolution
		SolutionGuid = {5A1FD5A5-B8D1-4102-A18F-031DA3C5BDBC}
	EndGlobalSection
EndGlobal
